
Microsoft Visual Studio Solution File, Format Version 12.00
# Visual Studio 15
VisualStudioVersion = 15.0.26124.0
MinimumVisualStudioVersion = 15.0.26124.0
Project("{2150E333-8FDC-42A3-9474-1A3956D46DE8}") = "src", "src", "{7DDBE1E6-442F-4413-BEA5-35063FAB38E0}"
EndProject
Project("{FAE04EC0-301F-11D3-BF4B-00C04F79EFBC}") = "CodeChallengeConsole", "src\CodeChallengeConsole\CodeChallengeConsole.csproj", "{F0203F7A-0250-43D9-8E5D-72463397789B}"
EndProject
Project("{FAE04EC0-301F-11D3-BF4B-00C04F79EFBC}") = "CodeChallengeLib", "src\CodeChallengeLib\CodeChallengeLib.csproj", "{1CA8790B-5A9A-4F59-9D48-B02489BA0A37}"
EndProject
Global
	GlobalSection(SolutionConfigurationPlatforms) = preSolution
		Debug|Any CPU = Debug|Any CPU
		Debug|x64 = Debug|x64
		Debug|x86 = Debug|x86
		Release|Any CPU = Release|Any CPU
		Release|x64 = Release|x64
		Release|x86 = Release|x86
	EndGlobalSection
	GlobalSection(SolutionProperties) = preSolution
		HideSolutionNode = FALSE
	EndGlobalSection
	GlobalSection(ProjectConfigurationPlatforms) = postSolution
		{F0203F7A-0250-43D9-8E5D-72463397789B}.Debug|Any CPU.ActiveCfg = Debug|Any CPU
		{F0203F7A-0250-43D9-8E5D-72463397789B}.Debug|Any CPU.Build.0 = Debug|Any CPU
		{F0203F7A-0250-43D9-8E5D-72463397789B}.Debug|x64.ActiveCfg = Debug|x64
		{F0203F7A-0250-43D9-8E5D-72463397789B}.Debug|x64.Build.0 = Debug|x64
		{F0203F7A-0250-43D9-8E5D-72463397789B}.Debug|x86.ActiveCfg = Debug|x86
		{F0203F7A-0250-43D9-8E5D-72463397789B}.Debug|x86.Build.0 = Debug|x86
		{F0203F7A-0250-43D9-8E5D-72463397789B}.Release|Any CPU.ActiveCfg = Release|Any CPU
		{F0203F7A-0250-43D9-8E5D-72463397789B}.Release|Any CPU.Build.0 = Release|Any CPU
		{F0203F7A-0250-43D9-8E5D-72463397789B}.Release|x64.ActiveCfg = Release|x64
		{F0203F7A-0250-43D9-8E5D-72463397789B}.Release|x64.Build.0 = Release|x64
		{F0203F7A-0250-43D9-8E5D-72463397789B}.Release|x86.ActiveCfg = Release|x86
		{F0203F7A-0250-43D9-8E5D-72463397789B}.Release|x86.Build.0 = Release|x86
		{1CA8790B-5A9A-4F59-9D48-B02489BA0A37}.Debug|Any CPU.ActiveCfg = Debug|Any CPU
		{1CA8790B-5A9A-4F59-9D48-B02489BA0A37}.Debug|Any CPU.Build.0 = Debug|Any CPU
		{1CA8790B-5A9A-4F59-9D48-B02489BA0A37}.Debug|x64.ActiveCfg = Debug|x64
		{1CA8790B-5A9A-4F59-9D48-B02489BA0A37}.Debug|x64.Build.0 = Debug|x64
		{1CA8790B-5A9A-4F59-9D48-B02489BA0A37}.Debug|x86.ActiveCfg = Debug|x86
		{1CA8790B-5A9A-4F59-9D48-B02489BA0A37}.Debug|x86.Build.0 = Debug|x86
		{1CA8790B-5A9A-4F59-9D48-B02489BA0A37}.Release|Any CPU.ActiveCfg = Release|Any CPU
		{1CA8790B-5A9A-4F59-9D48-B02489BA0A37}.Release|Any CPU.Build.0 = Release|Any CPU
		{1CA8790B-5A9A-4F59-9D48-B02489BA0A37}.Release|x64.ActiveCfg = Release|x64
		{1CA8790B-5A9A-4F59-9D48-B02489BA0A37}.Release|x64.Build.0 = Release|x64
		{1CA8790B-5A9A-4F59-9D48-B02489BA0A37}.Release|x86.ActiveCfg = Release|x86
		{1CA8790B-5A9A-4F59-9D48-B02489BA0A37}.Release|x86.Build.0 = Release|x86
	EndGlobalSection
	GlobalSection(NestedProjects) = preSolution
		{F0203F7A-0250-43D9-8E5D-72463397789B} = {7DDBE1E6-442F-4413-BEA5-35063FAB38E0}
		{1CA8790B-5A9A-4F59-9D48-B02489BA0A37} = {7DDBE1E6-442F-4413-BEA5-35063FAB38E0}
	EndGlobalSection
EndGlobal
